{
  "version": 4,
  "terraform_version": "0.15.3",
  "serial": 40,
  "lineage": "9680e077-ec80-e229-be2d-a5ea19e59b08",
  "outputs": {
    "api_url": {
      "value": "https://nxdpqb3lcd.execute-api.us-east-1.amazonaws.com/dev",
      "type": "string"
    }
  },
  "resources": [
    {
      "mode": "data",
      "type": "aws_caller_identity",
      "name": "current",
      "provider": "provider[\"registry.terraform.io/hashicorp/aws\"]",
      "instances": [
        {
          "schema_version": 0,
          "attributes": {
            "account_id": "294092136947",
            "arn": "arn:aws:iam::294092136947:user/cli",
            "id": "294092136947",
            "user_id": "AIDAIVMKAYEWBV4TVH5GQ"
          },
          "sensitive_attributes": []
        }
      ]
    },
    {
      "mode": "data",
      "type": "aws_iam_policy_document",
      "name": "assume_role",
      "provider": "provider[\"registry.terraform.io/hashicorp/aws\"]",
      "instances": [
        {
          "schema_version": 0,
          "attributes": {
            "id": "3574755406",
            "json": "{\n  \"Version\": \"2012-10-17\",\n  \"Id\": \"manage-lambda-layers-lambda\",\n  \"Statement\": [\n    {\n      \"Sid\": \"\",\n      \"Effect\": \"Allow\",\n      \"Action\": \"sts:AssumeRole\",\n      \"Principal\": {\n        \"Service\": \"lambda.amazonaws.com\"\n      }\n    }\n  ]\n}",
            "override_json": null,
            "override_policy_documents": null,
            "policy_id": "manage-lambda-layers-lambda",
            "source_json": null,
            "source_policy_documents": null,
            "statement": [
              {
                "actions": [
                  "sts:AssumeRole"
                ],
                "condition": [],
                "effect": "Allow",
                "not_actions": [],
                "not_principals": [],
                "not_resources": [],
                "principals": [
                  {
                    "identifiers": [
                      "lambda.amazonaws.com"
                    ],
                    "type": "Service"
                  }
                ],
                "resources": [],
                "sid": ""
              }
            ],
            "version": "2012-10-17"
          },
          "sensitive_attributes": []
        }
      ]
    },
    {
      "mode": "data",
      "type": "aws_iam_policy_document",
      "name": "logs",
      "provider": "provider[\"registry.terraform.io/hashicorp/aws\"]",
      "instances": [
        {
          "schema_version": 0,
          "attributes": {
            "id": "3743434473",
            "json": "{\n  \"Version\": \"2012-10-17\",\n  \"Id\": \"manage-lambda-layers-lambda-logs\",\n  \"Statement\": [\n    {\n      \"Sid\": \"\",\n      \"Effect\": \"Allow\",\n      \"Action\": [\n        \"logs:PutLogEvents\",\n        \"logs:CreateLogStream\"\n      ],\n      \"Resource\": \"arn:aws:logs:us-east-1:294092136947:log-group:/aws/lambda/manage-lambda-layers*:*\"\n    }\n  ]\n}",
            "override_json": null,
            "override_policy_documents": null,
            "policy_id": "manage-lambda-layers-lambda-logs",
            "source_json": null,
            "source_policy_documents": null,
            "statement": [
              {
                "actions": [
                  "logs:CreateLogStream",
                  "logs:PutLogEvents"
                ],
                "condition": [],
                "effect": "Allow",
                "not_actions": [],
                "not_principals": [],
                "not_resources": [],
                "principals": [],
                "resources": [
                  "arn:aws:logs:us-east-1:294092136947:log-group:/aws/lambda/manage-lambda-layers*:*"
                ],
                "sid": ""
              }
            ],
            "version": "2012-10-17"
          },
          "sensitive_attributes": []
        }
      ]
    },
    {
      "mode": "managed",
      "type": "aws_api_gateway_deployment",
      "name": "api",
      "provider": "provider[\"registry.terraform.io/hashicorp/aws\"]",
      "instances": [
        {
          "schema_version": 0,
          "attributes": {
            "created_date": "2021-05-29T10:11:15Z",
            "description": "Deployed endpoint at 2021-06-03T12:12:52Z",
            "execution_arn": "arn:aws:execute-api:us-east-1:294092136947:nxdpqb3lcd/",
            "id": "4yj5eb",
            "invoke_url": "https://nxdpqb3lcd.execute-api.us-east-1.amazonaws.com/",
            "rest_api_id": "nxdpqb3lcd",
            "stage_description": null,
            "stage_name": null,
            "triggers": null,
            "variables": null
          },
          "sensitive_attributes": [],
          "private": "bnVsbA==",
          "dependencies": [
            "aws_api_gateway_integration_response.endpoint",
            "aws_api_gateway_rest_api.api"
          ]
        }
      ]
    },
    {
      "mode": "managed",
      "type": "aws_api_gateway_gateway_response",
      "name": "forbidden",
      "provider": "provider[\"registry.terraform.io/hashicorp/aws\"]",
      "instances": [
        {
          "schema_version": 0,
          "attributes": {
            "id": "aggr-nxdpqb3lcd-DEFAULT_4XX",
            "response_parameters": {
              "gatewayresponse.header.Access-Control-Allow-Headers": "'*'",
              "gatewayresponse.header.Access-Control-Allow-Origin": "'*'"
            },
            "response_templates": {
              "application/json": "{'message':$context.error.messageString}"
            },
            "response_type": "DEFAULT_4XX",
            "rest_api_id": "nxdpqb3lcd",
            "status_code": "403"
          },
          "sensitive_attributes": [],
          "private": "bnVsbA==",
          "dependencies": [
            "aws_api_gateway_rest_api.api"
          ]
        }
      ]
    },
    {
      "mode": "managed",
      "type": "aws_api_gateway_gateway_response",
      "name": "internal_server_error",
      "provider": "provider[\"registry.terraform.io/hashicorp/aws\"]",
      "instances": [
        {
          "schema_version": 0,
          "attributes": {
            "id": "aggr-nxdpqb3lcd-DEFAULT_5XX",
            "response_parameters": {
              "gatewayresponse.header.Access-Control-Allow-Headers": "'*'",
              "gatewayresponse.header.Access-Control-Allow-Origin": "'*'"
            },
            "response_templates": {
              "application/json": "{'message':$context.error.messageString}"
            },
            "response_type": "DEFAULT_5XX",
            "rest_api_id": "nxdpqb3lcd",
            "status_code": "500"
          },
          "sensitive_attributes": [],
          "private": "bnVsbA==",
          "dependencies": [
            "aws_api_gateway_rest_api.api"
          ]
        }
      ]
    },
    {
      "mode": "managed",
      "type": "aws_api_gateway_gateway_response",
      "name": "unauthorised",
      "provider": "provider[\"registry.terraform.io/hashicorp/aws\"]",
      "instances": [
        {
          "schema_version": 0,
          "attributes": {
            "id": "aggr-nxdpqb3lcd-UNAUTHORIZED",
            "response_parameters": {
              "gatewayresponse.header.Access-Control-Allow-Headers": "'*'",
              "gatewayresponse.header.Access-Control-Allow-Origin": "'*'"
            },
            "response_templates": {
              "application/json": "{'message':$context.error.messageString}"
            },
            "response_type": "UNAUTHORIZED",
            "rest_api_id": "nxdpqb3lcd",
            "status_code": "401"
          },
          "sensitive_attributes": [],
          "private": "bnVsbA==",
          "dependencies": [
            "aws_api_gateway_rest_api.api"
          ]
        }
      ]
    },
    {
      "mode": "managed",
      "type": "aws_api_gateway_integration",
      "name": "endpoint",
      "provider": "provider[\"registry.terraform.io/hashicorp/aws\"]",
      "instances": [
        {
          "schema_version": 0,
          "attributes": {
            "cache_key_parameters": [],
            "cache_namespace": "wizuk7",
            "connection_id": "",
            "connection_type": "INTERNET",
            "content_handling": "",
            "credentials": "",
            "http_method": "GET",
            "id": "agi-nxdpqb3lcd-wizuk7-GET",
            "integration_http_method": "POST",
            "passthrough_behavior": "WHEN_NO_MATCH",
            "request_parameters": {},
            "request_templates": {},
            "resource_id": "wizuk7",
            "rest_api_id": "nxdpqb3lcd",
            "timeout_milliseconds": 29000,
            "tls_config": [],
            "type": "AWS_PROXY",
            "uri": "arn:aws:apigateway:us-east-1:lambda:path/2015-03-31/functions/arn:aws:lambda:us-east-1:294092136947:function:manage-lambda-layers/invocations"
          },
          "sensitive_attributes": [],
          "private": "bnVsbA==",
          "dependencies": [
            "aws_api_gateway_method.endpoint",
            "aws_api_gateway_method_response.endpoint",
            "aws_api_gateway_resource.endpoint",
            "aws_api_gateway_rest_api.api",
            "aws_iam_role.lambda",
            "aws_lambda_function.func",
            "aws_lambda_layer_version.moment_layer",
            "data.aws_iam_policy_document.assume_role"
          ]
        }
      ]
    },
    {
      "mode": "managed",
      "type": "aws_api_gateway_integration_response",
      "name": "endpoint",
      "provider": "provider[\"registry.terraform.io/hashicorp/aws\"]",
      "instances": [
        {
          "schema_version": 0,
          "attributes": {
            "content_handling": "",
            "http_method": "GET",
            "id": "agir-nxdpqb3lcd-wizuk7-GET-200",
            "resource_id": "wizuk7",
            "response_parameters": {},
            "response_templates": {
              "application/json": ""
            },
            "rest_api_id": "nxdpqb3lcd",
            "selection_pattern": "",
            "status_code": "200"
          },
          "sensitive_attributes": [],
          "private": "bnVsbA==",
          "dependencies": [
            "aws_api_gateway_method_response.endpoint",
            "aws_iam_role.lambda",
            "data.aws_iam_policy_document.assume_role",
            "aws_lambda_function.func",
            "aws_lambda_layer_version.moment_layer",
            "aws_api_gateway_integration.endpoint",
            "aws_api_gateway_method.endpoint",
            "aws_api_gateway_resource.endpoint",
            "aws_api_gateway_rest_api.api"
          ]
        }
      ]
    },
    {
      "mode": "managed",
      "type": "aws_api_gateway_method",
      "name": "endpoint",
      "provider": "provider[\"registry.terraform.io/hashicorp/aws\"]",
      "instances": [
        {
          "schema_version": 0,
          "attributes": {
            "api_key_required": false,
            "authorization": "NONE",
            "authorization_scopes": [],
            "authorizer_id": "",
            "http_method": "GET",
            "id": "agm-nxdpqb3lcd-wizuk7-GET",
            "operation_name": "",
            "request_models": {},
            "request_parameters": {},
            "request_validator_id": "",
            "resource_id": "wizuk7",
            "rest_api_id": "nxdpqb3lcd"
          },
          "sensitive_attributes": [],
          "private": "bnVsbA==",
          "dependencies": [
            "aws_api_gateway_resource.endpoint",
            "aws_api_gateway_rest_api.api"
          ]
        }
      ]
    },
    {
      "mode": "managed",
      "type": "aws_api_gateway_method_response",
      "name": "endpoint",
      "provider": "provider[\"registry.terraform.io/hashicorp/aws\"]",
      "instances": [
        {
          "schema_version": 0,
          "attributes": {
            "http_method": "GET",
            "id": "agmr-nxdpqb3lcd-wizuk7-GET-200",
            "resource_id": "wizuk7",
            "response_models": {},
            "response_parameters": {},
            "rest_api_id": "nxdpqb3lcd",
            "status_code": "200"
          },
          "sensitive_attributes": [],
          "private": "bnVsbA==",
          "dependencies": [
            "aws_api_gateway_method.endpoint",
            "aws_api_gateway_resource.endpoint",
            "aws_api_gateway_rest_api.api"
          ]
        }
      ]
    },
    {
      "mode": "managed",
      "type": "aws_api_gateway_resource",
      "name": "endpoint",
      "provider": "provider[\"registry.terraform.io/hashicorp/aws\"]",
      "instances": [
        {
          "schema_version": 0,
          "attributes": {
            "id": "wizuk7",
            "parent_id": "lwnm2zcfu5",
            "path": "/getCurrentDateTime",
            "path_part": "getCurrentDateTime",
            "rest_api_id": "nxdpqb3lcd"
          },
          "sensitive_attributes": [],
          "private": "bnVsbA==",
          "dependencies": [
            "aws_api_gateway_rest_api.api"
          ]
        }
      ]
    },
    {
      "mode": "managed",
      "type": "aws_api_gateway_rest_api",
      "name": "api",
      "provider": "provider[\"registry.terraform.io/hashicorp/aws\"]",
      "instances": [
        {
          "schema_version": 0,
          "attributes": {
            "api_key_source": "HEADER",
            "arn": "arn:aws:apigateway:us-east-1::/restapis/nxdpqb3lcd",
            "binary_media_types": [],
            "body": null,
            "created_date": "2021-05-29T10:10:44Z",
            "description": "",
            "disable_execute_api_endpoint": false,
            "endpoint_configuration": [
              {
                "types": [
                  "EDGE"
                ],
                "vpc_endpoint_ids": []
              }
            ],
            "execution_arn": "arn:aws:execute-api:us-east-1:294092136947:nxdpqb3lcd",
            "id": "nxdpqb3lcd",
            "minimum_compression_size": -1,
            "name": "manage-lambda-layers",
            "parameters": null,
            "policy": "",
            "root_resource_id": "lwnm2zcfu5",
            "tags": {},
            "tags_all": {}
          },
          "sensitive_attributes": [],
          "private": "bnVsbA=="
        }
      ]
    },
    {
      "mode": "managed",
      "type": "aws_api_gateway_stage",
      "name": "api",
      "provider": "provider[\"registry.terraform.io/hashicorp/aws\"]",
      "instances": [
        {
          "schema_version": 0,
          "attributes": {
            "access_log_settings": [],
            "arn": "arn:aws:apigateway:us-east-1::/restapis/nxdpqb3lcd/stages/dev",
            "cache_cluster_enabled": false,
            "cache_cluster_size": "",
            "client_certificate_id": "",
            "deployment_id": "4yj5eb",
            "description": "",
            "documentation_version": "",
            "execution_arn": "arn:aws:execute-api:us-east-1:294092136947:nxdpqb3lcd/dev",
            "id": "ags-nxdpqb3lcd-dev",
            "invoke_url": "https://nxdpqb3lcd.execute-api.us-east-1.amazonaws.com/dev",
            "rest_api_id": "nxdpqb3lcd",
            "stage_name": "dev",
            "tags": {},
            "tags_all": {},
            "variables": {},
            "xray_tracing_enabled": false
          },
          "sensitive_attributes": [],
          "private": "bnVsbA==",
          "dependencies": [
            "aws_api_gateway_method.endpoint",
            "aws_api_gateway_resource.endpoint",
            "aws_api_gateway_rest_api.api",
            "aws_lambda_function.func",
            "aws_api_gateway_deployment.api",
            "aws_api_gateway_integration.endpoint",
            "aws_api_gateway_integration_response.endpoint",
            "data.aws_iam_policy_document.assume_role",
            "aws_api_gateway_method_response.endpoint",
            "aws_iam_role.lambda",
            "aws_lambda_layer_version.moment_layer"
          ]
        }
      ]
    },
    {
      "mode": "managed",
      "type": "aws_cloudwatch_log_group",
      "name": "log",
      "provider": "provider[\"registry.terraform.io/hashicorp/aws\"]",
      "instances": [
        {
          "schema_version": 0,
          "attributes": {
            "arn": "arn:aws:logs:us-east-1:294092136947:log-group:/aws/lambda/manage-lambda-layers",
            "id": "/aws/lambda/manage-lambda-layers",
            "kms_key_id": "",
            "name": "/aws/lambda/manage-lambda-layers",
            "name_prefix": null,
            "retention_in_days": 7,
            "tags": {},
            "tags_all": {}
          },
          "sensitive_attributes": [],
          "private": "bnVsbA=="
        }
      ]
    },
    {
      "mode": "managed",
      "type": "aws_iam_policy",
      "name": "logs",
      "provider": "provider[\"registry.terraform.io/hashicorp/aws\"]",
      "instances": [
        {
          "schema_version": 0,
          "attributes": {
            "arn": "arn:aws:iam::294092136947:policy/manage-lambda-layers-lambda-logs",
            "description": "",
            "id": "arn:aws:iam::294092136947:policy/manage-lambda-layers-lambda-logs",
            "name": "manage-lambda-layers-lambda-logs",
            "name_prefix": null,
            "path": "/",
            "policy": "{\n  \"Version\": \"2012-10-17\",\n  \"Id\": \"manage-lambda-layers-lambda-logs\",\n  \"Statement\": [\n    {\n      \"Sid\": \"\",\n      \"Effect\": \"Allow\",\n      \"Action\": [\n        \"logs:PutLogEvents\",\n        \"logs:CreateLogStream\"\n      ],\n      \"Resource\": \"arn:aws:logs:us-east-1:294092136947:log-group:/aws/lambda/manage-lambda-layers*:*\"\n    }\n  ]\n}",
            "policy_id": "ANPAUI6KB4HZTHWNLTNYI",
            "tags": {},
            "tags_all": {}
          },
          "sensitive_attributes": [],
          "private": "bnVsbA==",
          "dependencies": [
            "data.aws_caller_identity.current",
            "data.aws_iam_policy_document.logs"
          ]
        }
      ]
    },
    {
      "mode": "managed",
      "type": "aws_iam_role",
      "name": "lambda",
      "provider": "provider[\"registry.terraform.io/hashicorp/aws\"]",
      "instances": [
        {
          "schema_version": 0,
          "attributes": {
            "arn": "arn:aws:iam::294092136947:role/manage-lambda-layers-lambda",
            "assume_role_policy": "{\"Version\":\"2012-10-17\",\"Id\":\"manage-lambda-layers-lambda\",\"Statement\":[{\"Sid\":\"\",\"Effect\":\"Allow\",\"Principal\":{\"Service\":\"lambda.amazonaws.com\"},\"Action\":\"sts:AssumeRole\"}]}",
            "create_date": "2021-05-29T10:10:44Z",
            "description": "",
            "force_detach_policies": false,
            "id": "manage-lambda-layers-lambda",
            "inline_policy": [
              {
                "name": "",
                "policy": ""
              }
            ],
            "managed_policy_arns": [
              "arn:aws:iam::294092136947:policy/manage-lambda-layers-lambda-logs"
            ],
            "max_session_duration": 3600,
            "name": "manage-lambda-layers-lambda",
            "name_prefix": null,
            "path": "/",
            "permissions_boundary": null,
            "tags": {},
            "tags_all": {},
            "unique_id": "AROAUI6KB4HZ5Y4LVLOEY"
          },
          "sensitive_attributes": [],
          "private": "bnVsbA==",
          "dependencies": [
            "data.aws_iam_policy_document.assume_role"
          ]
        }
      ]
    },
    {
      "mode": "managed",
      "type": "aws_iam_role_policy_attachment",
      "name": "logs",
      "provider": "provider[\"registry.terraform.io/hashicorp/aws\"]",
      "instances": [
        {
          "schema_version": 0,
          "attributes": {
            "id": "manage-lambda-layers-lambda-20210529101054026400000001",
            "policy_arn": "arn:aws:iam::294092136947:policy/manage-lambda-layers-lambda-logs",
            "role": "manage-lambda-layers-lambda"
          },
          "sensitive_attributes": [],
          "private": "bnVsbA==",
          "dependencies": [
            "aws_iam_policy.logs",
            "aws_iam_role.lambda",
            "data.aws_caller_identity.current",
            "data.aws_iam_policy_document.assume_role",
            "data.aws_iam_policy_document.logs"
          ]
        }
      ]
    },
    {
      "mode": "managed",
      "type": "aws_lambda_function",
      "name": "func",
      "provider": "provider[\"registry.terraform.io/hashicorp/aws\"]",
      "instances": [
        {
          "schema_version": 0,
          "attributes": {
            "arn": "arn:aws:lambda:us-east-1:294092136947:function:manage-lambda-layers",
            "code_signing_config_arn": "",
            "dead_letter_config": [],
            "description": "",
            "environment": [],
            "file_system_config": [],
            "filename": "../.serverless/getCurrentDateTime.zip",
            "function_name": "manage-lambda-layers",
            "handler": "src/functions/getCurrentDateTime.handler",
            "id": "manage-lambda-layers",
            "image_config": [],
            "image_uri": "",
            "invoke_arn": "arn:aws:apigateway:us-east-1:lambda:path/2015-03-31/functions/arn:aws:lambda:us-east-1:294092136947:function:manage-lambda-layers/invocations",
            "kms_key_arn": "",
            "last_modified": "2021-06-03T12:12:57.526+0000",
            "layers": [
              "arn:aws:lambda:us-east-1:294092136947:layer:manage-lambda-layers-moment:1"
            ],
            "memory_size": 1024,
            "package_type": "Zip",
            "publish": false,
            "qualified_arn": "arn:aws:lambda:us-east-1:294092136947:function:manage-lambda-layers:$LATEST",
            "reserved_concurrent_executions": -1,
            "role": "arn:aws:iam::294092136947:role/manage-lambda-layers-lambda",
            "runtime": "nodejs14.x",
            "s3_bucket": null,
            "s3_key": null,
            "s3_object_version": null,
            "signing_job_arn": "",
            "signing_profile_version_arn": "",
            "source_code_hash": "Se/lUHawJ9HqZK8eumZImdyDBd37yhTG+mrMpfcPETI=",
            "source_code_size": 106845,
            "tags": {},
            "tags_all": {},
            "timeout": 30,
            "timeouts": null,
            "tracing_config": [
              {
                "mode": "PassThrough"
              }
            ],
            "version": "$LATEST",
            "vpc_config": []
          },
          "sensitive_attributes": [],
          "private": "eyJlMmJmYjczMC1lY2FhLTExZTYtOGY4OC0zNDM2M2JjN2M0YzAiOnsiY3JlYXRlIjo2MDAwMDAwMDAwMDB9fQ==",
          "dependencies": [
            "aws_iam_role.lambda",
            "aws_lambda_layer_version.moment_layer"
          ]
        }
      ]
    },
    {
      "mode": "managed",
      "type": "aws_lambda_layer_version",
      "name": "moment_layer",
      "provider": "provider[\"registry.terraform.io/hashicorp/aws\"]",
      "instances": [
        {
          "schema_version": 0,
          "attributes": {
            "arn": "arn:aws:lambda:us-east-1:294092136947:layer:manage-lambda-layers-moment:1",
            "compatible_runtimes": [
              "nodejs14.x"
            ],
            "created_date": "2021-05-29T10:32:44.496+0000",
            "description": "",
            "filename": "../.serverless/moment.zip",
            "id": "arn:aws:lambda:us-east-1:294092136947:layer:manage-lambda-layers-moment:1",
            "layer_arn": "arn:aws:lambda:us-east-1:294092136947:layer:manage-lambda-layers-moment",
            "layer_name": "manage-lambda-layers-moment",
            "license_info": "",
            "s3_bucket": null,
            "s3_key": null,
            "s3_object_version": null,
            "signing_job_arn": "",
            "signing_profile_version_arn": "",
            "source_code_hash": "rhXZJSZGrfwOqxSyW2W6sVZNGf0z1tRfPeHlgxvqI+Y=",
            "source_code_size": 1305131,
            "version": "1"
          },
          "sensitive_attributes": [],
          "private": "bnVsbA=="
        }
      ]
    },
    {
      "mode": "managed",
      "type": "aws_lambda_permission",
      "name": "api",
      "provider": "provider[\"registry.terraform.io/hashicorp/aws\"]",
      "instances": [
        {
          "schema_version": 0,
          "attributes": {
            "action": "lambda:InvokeFunction",
            "event_source_token": null,
            "function_name": "manage-lambda-layers",
            "id": "manage-lambda-layers-AllowExecutionFromAPIGateway",
            "principal": "apigateway.amazonaws.com",
            "qualifier": "",
            "source_account": null,
            "source_arn": "arn:aws:execute-api:us-east-1:294092136947:nxdpqb3lcd/*/GET/getCurrentDateTime",
            "statement_id": "manage-lambda-layers-AllowExecutionFromAPIGateway",
            "statement_id_prefix": null
          },
          "sensitive_attributes": [],
          "private": "bnVsbA==",
          "dependencies": [
            "data.aws_caller_identity.current",
            "aws_api_gateway_method.endpoint",
            "aws_api_gateway_resource.endpoint",
            "aws_api_gateway_rest_api.api"
          ]
        }
      ]
    },
    {
      "module": "module.cors",
      "mode": "managed",
      "type": "aws_api_gateway_integration",
      "name": "_",
      "provider": "provider[\"registry.terraform.io/hashicorp/aws\"]",
      "instances": [
        {
          "schema_version": 0,
          "attributes": {
            "cache_key_parameters": [],
            "cache_namespace": "wizuk7",
            "connection_id": "",
            "connection_type": "INTERNET",
            "content_handling": "CONVERT_TO_TEXT",
            "credentials": "",
            "http_method": "OPTIONS",
            "id": "agi-nxdpqb3lcd-wizuk7-OPTIONS",
            "integration_http_method": "",
            "passthrough_behavior": "WHEN_NO_MATCH",
            "request_parameters": {},
            "request_templates": {
              "application/json": "{ \"statusCode\": 200 }"
            },
            "resource_id": "wizuk7",
            "rest_api_id": "nxdpqb3lcd",
            "timeout_milliseconds": 29000,
            "tls_config": [],
            "type": "MOCK",
            "uri": ""
          },
          "sensitive_attributes": [],
          "private": "bnVsbA==",
          "dependencies": [
            "aws_api_gateway_resource.endpoint",
            "aws_api_gateway_rest_api.api",
            "module.cors.aws_api_gateway_method._"
          ]
        }
      ]
    },
    {
      "module": "module.cors",
      "mode": "managed",
      "type": "aws_api_gateway_integration_response",
      "name": "_",
      "provider": "provider[\"registry.terraform.io/hashicorp/aws\"]",
      "instances": [
        {
          "schema_version": 0,
          "attributes": {
            "content_handling": "",
            "http_method": "OPTIONS",
            "id": "agir-nxdpqb3lcd-wizuk7-OPTIONS-200",
            "resource_id": "wizuk7",
            "response_parameters": {
              "method.response.header.Access-Control-Allow-Headers": "'Authorization,Content-Type,X-Amz-Date,X-Amz-Security-Token,X-Api-Key,X-Charge'",
              "method.response.header.Access-Control-Allow-Methods": "'OPTIONS,HEAD,GET,POST,PUT,PATCH,DELETE'",
              "method.response.header.Access-Control-Allow-Origin": "'*'",
              "method.response.header.Access-Control-Max-Age": "'7200'"
            },
            "response_templates": {},
            "rest_api_id": "nxdpqb3lcd",
            "selection_pattern": "",
            "status_code": "200"
          },
          "sensitive_attributes": [],
          "private": "bnVsbA==",
          "dependencies": [
            "aws_api_gateway_resource.endpoint",
            "aws_api_gateway_rest_api.api",
            "module.cors.aws_api_gateway_integration._",
            "module.cors.aws_api_gateway_method._",
            "module.cors.aws_api_gateway_method_response._"
          ]
        }
      ]
    },
    {
      "module": "module.cors",
      "mode": "managed",
      "type": "aws_api_gateway_method",
      "name": "_",
      "provider": "provider[\"registry.terraform.io/hashicorp/aws\"]",
      "instances": [
        {
          "schema_version": 0,
          "attributes": {
            "api_key_required": false,
            "authorization": "NONE",
            "authorization_scopes": [],
            "authorizer_id": "",
            "http_method": "OPTIONS",
            "id": "agm-nxdpqb3lcd-wizuk7-OPTIONS",
            "operation_name": "",
            "request_models": {},
            "request_parameters": {},
            "request_validator_id": "",
            "resource_id": "wizuk7",
            "rest_api_id": "nxdpqb3lcd"
          },
          "sensitive_attributes": [],
          "private": "bnVsbA==",
          "dependencies": [
            "aws_api_gateway_resource.endpoint",
            "aws_api_gateway_rest_api.api"
          ]
        }
      ]
    },
    {
      "module": "module.cors",
      "mode": "managed",
      "type": "aws_api_gateway_method_response",
      "name": "_",
      "provider": "provider[\"registry.terraform.io/hashicorp/aws\"]",
      "instances": [
        {
          "schema_version": 0,
          "attributes": {
            "http_method": "OPTIONS",
            "id": "agmr-nxdpqb3lcd-wizuk7-OPTIONS-200",
            "resource_id": "wizuk7",
            "response_models": {
              "application/json": "Empty"
            },
            "response_parameters": {
              "method.response.header.Access-Control-Allow-Headers": true,
              "method.response.header.Access-Control-Allow-Methods": true,
              "method.response.header.Access-Control-Allow-Origin": true,
              "method.response.header.Access-Control-Max-Age": true
            },
            "rest_api_id": "nxdpqb3lcd",
            "status_code": "200"
          },
          "sensitive_attributes": [],
          "private": "bnVsbA==",
          "dependencies": [
            "aws_api_gateway_resource.endpoint",
            "aws_api_gateway_rest_api.api",
            "module.cors.aws_api_gateway_method._"
          ]
        }
      ]
    }
  ]
}
